
Microsoft Visual Studio Solution File, Format Version 12.00
# Visual Studio 15
VisualStudioVersion = 15.0.27703.2000
MinimumVisualStudioVersion = 10.0.40219.1
Project("{FAE04EC0-301F-11D3-BF4B-00C04F79EFBC}") = "SurveySite", "SurveySite\SurveySite.csproj", "{FCA5F6B1-4F22-4460-B374-05A98C0BB222}"
EndProject
Project("{FAE04EC0-301F-11D3-BF4B-00C04F79EFBC}") = "DataLayer", "DataLayer\DataLayer.csproj", "{A9E46CCF-EAA9-4A75-A5DF-B2786FB23C39}"
EndProject
Project("{FAE04EC0-301F-11D3-BF4B-00C04F79EFBC}") = "Services", "Services\Services.csproj", "{0BAC39D7-0931-4C27-8B34-867D59599102}"
EndProject
Project("{FAE04EC0-301F-11D3-BF4B-00C04F79EFBC}") = "Models", "Models\Models.csproj", "{CD051EED-F0A7-4125-82F8-F4CBA99462EC}"
EndProject
Global
	GlobalSection(SolutionConfigurationPlatforms) = preSolution
		Debug|Any CPU = Debug|Any CPU
		Release|Any CPU = Release|Any CPU
	EndGlobalSection
	GlobalSection(ProjectConfigurationPlatforms) = postSolution
		{FCA5F6B1-4F22-4460-B374-05A98C0BB222}.Debug|Any CPU.ActiveCfg = Debug|Any CPU
		{FCA5F6B1-4F22-4460-B374-05A98C0BB222}.Debug|Any CPU.Build.0 = Debug|Any CPU
		{FCA5F6B1-4F22-4460-B374-05A98C0BB222}.Release|Any CPU.ActiveCfg = Release|Any CPU
		{FCA5F6B1-4F22-4460-B374-05A98C0BB222}.Release|Any CPU.Build.0 = Release|Any CPU
		{A9E46CCF-EAA9-4A75-A5DF-B2786FB23C39}.Debug|Any CPU.ActiveCfg = Debug|Any CPU
		{A9E46CCF-EAA9-4A75-A5DF-B2786FB23C39}.Debug|Any CPU.Build.0 = Debug|Any CPU
		{A9E46CCF-EAA9-4A75-A5DF-B2786FB23C39}.Release|Any CPU.ActiveCfg = Release|Any CPU
		{A9E46CCF-EAA9-4A75-A5DF-B2786FB23C39}.Release|Any CPU.Build.0 = Release|Any CPU
		{0BAC39D7-0931-4C27-8B34-867D59599102}.Debug|Any CPU.ActiveCfg = Debug|Any CPU
		{0BAC39D7-0931-4C27-8B34-867D59599102}.Debug|Any CPU.Build.0 = Debug|Any CPU
		{0BAC39D7-0931-4C27-8B34-867D59599102}.Release|Any CPU.ActiveCfg = Release|Any CPU
		{0BAC39D7-0931-4C27-8B34-867D59599102}.Release|Any CPU.Build.0 = Release|Any CPU
		{CD051EED-F0A7-4125-82F8-F4CBA99462EC}.Debug|Any CPU.ActiveCfg = Debug|Any CPU
		{CD051EED-F0A7-4125-82F8-F4CBA99462EC}.Debug|Any CPU.Build.0 = Debug|Any CPU
		{CD051EED-F0A7-4125-82F8-F4CBA99462EC}.Release|Any CPU.ActiveCfg = Release|Any CPU
		{CD051EED-F0A7-4125-82F8-F4CBA99462EC}.Release|Any CPU.Build.0 = Release|Any CPU
	EndGlobalSection
	GlobalSection(SolutionProperties) = preSolution
		HideSolutionNode = FALSE
	EndGlobalSection
	GlobalSection(ExtensibilityGlobals) = postSolution
		SolutionGuid = {DB18DDA8-B351-469F-9E61-A999B1A1213A}
	EndGlobalSection
EndGlobal
